
Microsoft Visual Studio Solution File, Format Version 12.00
# Visual Studio 15
VisualStudioVersion = 15.0.27130.2010
MinimumVisualStudioVersion = 10.0.40219.1
Project("{9A19103F-16F7-4668-BE54-9A1E7A4F7556}") = "Infrastructure", "Infrastructure\Infrastructure.csproj", "{3F3D7247-9BEB-4771-9C76-FD8E604227A3}"
EndProject
Project("{9A19103F-16F7-4668-BE54-9A1E7A4F7556}") = "Articles.WriteSide.Aggregates", "Articles.WriteSide.Aggregates\Articles.WriteSide.Aggregates.csproj", "{A8050D0D-FF33-4F91-8D62-8C6A2543AB52}"
EndProject
Project("{9A19103F-16F7-4668-BE54-9A1E7A4F7556}") = "Articles.WriteSide.Events", "Articles.WriteSide.Events\Articles.WriteSide.Events.csproj", "{D65FC1E2-F2EE-4EA7-8895-9297A2A28C92}"
EndProject
Project("{9A19103F-16F7-4668-BE54-9A1E7A4F7556}") = "Articles.WriteSide.Commands", "Articles.WriteSide.Commands\Articles.WriteSide.Commands.csproj", "{F2B8DB71-7915-4D70-B959-AA9B8E4B64B9}"
EndProject
Project("{9A19103F-16F7-4668-BE54-9A1E7A4F7556}") = "Articles.WriteSide.Repository", "Articles.WriteSide.Repository\Articles.WriteSide.Repository.csproj", "{7F3FD53D-96E4-4065-9985-E39BD1DAA7DD}"
EndProject
Project("{9A19103F-16F7-4668-BE54-9A1E7A4F7556}") = "Articles.WriteSide.Service", "Articles.WriteSide.Service\Articles.WriteSide.Service.csproj", "{02BCDB3A-F3B3-495E-998C-247DC58E8E5B}"
EndProject
Project("{9A19103F-16F7-4668-BE54-9A1E7A4F7556}") = "Store.WriteSide.Aggregates", "Store.WriteSide.Aggregates\Store.WriteSide.Aggregates.csproj", "{81F917F3-6BAE-4347-88B1-8D564C31C814}"
EndProject
Project("{9A19103F-16F7-4668-BE54-9A1E7A4F7556}") = "Store.WriteSide.Commands", "Store.WriteSide.Commands\Store.WriteSide.Commands.csproj", "{6BE8AF20-C06A-408E-9335-C984C099D594}"
EndProject
Project("{9A19103F-16F7-4668-BE54-9A1E7A4F7556}") = "Store.WriteSide.Events", "Store.WriteSide.Events\Store.WriteSide.Events.csproj", "{97746C92-BA97-4C24-A87B-291AE2FFCFC6}"
EndProject
Project("{9A19103F-16F7-4668-BE54-9A1E7A4F7556}") = "Store.WriteSide.Repository", "Store.WriteSide.Repository\Store.WriteSide.Repository.csproj", "{5D6D3AD3-14B9-4EC4-9E80-9BBBCDEE7AC5}"
EndProject
Project("{9A19103F-16F7-4668-BE54-9A1E7A4F7556}") = "Store.WriteSide.Service", "Store.WriteSide.Service\Store.WriteSide.Service.csproj", "{2F554F4B-D63E-4A5A-A4FA-7FAD52BC1AD1}"
EndProject
Project("{9A19103F-16F7-4668-BE54-9A1E7A4F7556}") = "Server", "Web\Server.csproj", "{CA32A059-7D6B-48A6-9973-9DBD7AA55592}"
EndProject
Project("{9A19103F-16F7-4668-BE54-9A1E7A4F7556}") = "Articles.ReadSide.Repository", "Articles.ReadSide.Repository\Articles.ReadSide.Repository.csproj", "{75D48CA5-343F-4D45-AE85-0A6838B9A171}"
EndProject
Project("{9A19103F-16F7-4668-BE54-9A1E7A4F7556}") = "Articles.Saga.Events", "Articles.Saga.Events\Articles.Saga.Events.csproj", "{2FC1CE79-19D2-46D8-86F8-A466FBFCFAD5}"
EndProject
Project("{9A19103F-16F7-4668-BE54-9A1E7A4F7556}") = "Articles.Saga.Service", "Articles.Saga.Service\Articles.Saga.Service.csproj", "{42F4C583-599E-443C-973E-0DD184BF6196}"
EndProject
Project("{9A19103F-16F7-4668-BE54-9A1E7A4F7556}") = "Web.Client.ReactJS", "Web.Client.ReactJS\Web.Client.ReactJS.csproj", "{7AB34CE0-600A-45FE-B363-C2E5E9CF0434}"
EndProject
Project("{E24C65DC-7377-472B-9ABA-BC803B73C61A}") = "Client.ReactJS(3)", "Client.ReactJS\", "{31059A4C-5A50-42AB-8FDD-65E78CCC1576}"
	ProjectSection(WebsiteProperties) = preProject
		TargetFrameworkMoniker = ".NETFramework,Version%3Dv4.6.1"
		Debug.AspNetCompiler.VirtualPath = "/localhost_56062"
		Debug.AspNetCompiler.PhysicalPath = "Client.ReactJS\"
		Debug.AspNetCompiler.TargetPath = "PrecompiledWeb\localhost_56062\"
		Debug.AspNetCompiler.Updateable = "true"
		Debug.AspNetCompiler.ForceOverwrite = "true"
		Debug.AspNetCompiler.FixedNames = "false"
		Debug.AspNetCompiler.Debug = "True"
		Release.AspNetCompiler.VirtualPath = "/localhost_56062"
		Release.AspNetCompiler.PhysicalPath = "Client.ReactJS\"
		Release.AspNetCompiler.TargetPath = "PrecompiledWeb\localhost_56062\"
		Release.AspNetCompiler.Updateable = "true"
		Release.AspNetCompiler.ForceOverwrite = "true"
		Release.AspNetCompiler.FixedNames = "false"
		Release.AspNetCompiler.Debug = "False"
		VWDPort = "56062"
		SlnRelativePath = "Client.ReactJS\"
		DefaultWebSiteLanguage = "Visual C#"
	EndProjectSection
EndProject
Project("{FAE04EC0-301F-11D3-BF4B-00C04F79EFBC}") = "Articles.ReadSide.Service", "Articles.ReadSide.Service\Articles.ReadSide.Service.csproj", "{93B1B369-CC3F-4588-99E8-1B2ACC31ACBB}"
EndProject
Project("{9A19103F-16F7-4668-BE54-9A1E7A4F7556}") = "Utils", "Utils\Utils.csproj", "{9909C0E9-4831-4F43-A9C3-048C37CB8662}"
EndProject
Project("{FAE04EC0-301F-11D3-BF4B-00C04F79EFBC}") = "Articles.ReadSide.WCF.Service", "Articles.ReadSide.WCF.Service\Articles.ReadSide.WCF.Service.csproj", "{B2117E37-6A62-4F24-AEF6-F48766BE88AE}"
EndProject
Global
	GlobalSection(SolutionConfigurationPlatforms) = preSolution
		Debug|Any CPU = Debug|Any CPU
		Release|Any CPU = Release|Any CPU
	EndGlobalSection
	GlobalSection(ProjectConfigurationPlatforms) = postSolution
		{3F3D7247-9BEB-4771-9C76-FD8E604227A3}.Debug|Any CPU.ActiveCfg = Debug|Any CPU
		{3F3D7247-9BEB-4771-9C76-FD8E604227A3}.Debug|Any CPU.Build.0 = Debug|Any CPU
		{3F3D7247-9BEB-4771-9C76-FD8E604227A3}.Release|Any CPU.ActiveCfg = Release|Any CPU
		{3F3D7247-9BEB-4771-9C76-FD8E604227A3}.Release|Any CPU.Build.0 = Release|Any CPU
		{A8050D0D-FF33-4F91-8D62-8C6A2543AB52}.Debug|Any CPU.ActiveCfg = Debug|Any CPU
		{A8050D0D-FF33-4F91-8D62-8C6A2543AB52}.Debug|Any CPU.Build.0 = Debug|Any CPU
		{A8050D0D-FF33-4F91-8D62-8C6A2543AB52}.Release|Any CPU.ActiveCfg = Release|Any CPU
		{A8050D0D-FF33-4F91-8D62-8C6A2543AB52}.Release|Any CPU.Build.0 = Release|Any CPU
		{D65FC1E2-F2EE-4EA7-8895-9297A2A28C92}.Debug|Any CPU.ActiveCfg = Debug|Any CPU
		{D65FC1E2-F2EE-4EA7-8895-9297A2A28C92}.Debug|Any CPU.Build.0 = Debug|Any CPU
		{D65FC1E2-F2EE-4EA7-8895-9297A2A28C92}.Release|Any CPU.ActiveCfg = Release|Any CPU
		{D65FC1E2-F2EE-4EA7-8895-9297A2A28C92}.Release|Any CPU.Build.0 = Release|Any CPU
		{F2B8DB71-7915-4D70-B959-AA9B8E4B64B9}.Debug|Any CPU.ActiveCfg = Debug|Any CPU
		{F2B8DB71-7915-4D70-B959-AA9B8E4B64B9}.Debug|Any CPU.Build.0 = Debug|Any CPU
		{F2B8DB71-7915-4D70-B959-AA9B8E4B64B9}.Release|Any CPU.ActiveCfg = Release|Any CPU
		{F2B8DB71-7915-4D70-B959-AA9B8E4B64B9}.Release|Any CPU.Build.0 = Release|Any CPU
		{7F3FD53D-96E4-4065-9985-E39BD1DAA7DD}.Debug|Any CPU.ActiveCfg = Debug|Any CPU
		{7F3FD53D-96E4-4065-9985-E39BD1DAA7DD}.Debug|Any CPU.Build.0 = Debug|Any CPU
		{7F3FD53D-96E4-4065-9985-E39BD1DAA7DD}.Release|Any CPU.ActiveCfg = Release|Any CPU
		{7F3FD53D-96E4-4065-9985-E39BD1DAA7DD}.Release|Any CPU.Build.0 = Release|Any CPU
		{02BCDB3A-F3B3-495E-998C-247DC58E8E5B}.Debug|Any CPU.ActiveCfg = Debug|Any CPU
		{02BCDB3A-F3B3-495E-998C-247DC58E8E5B}.Debug|Any CPU.Build.0 = Debug|Any CPU
		{02BCDB3A-F3B3-495E-998C-247DC58E8E5B}.Release|Any CPU.ActiveCfg = Release|Any CPU
		{02BCDB3A-F3B3-495E-998C-247DC58E8E5B}.Release|Any CPU.Build.0 = Release|Any CPU
		{81F917F3-6BAE-4347-88B1-8D564C31C814}.Debug|Any CPU.ActiveCfg = Debug|Any CPU
		{81F917F3-6BAE-4347-88B1-8D564C31C814}.Debug|Any CPU.Build.0 = Debug|Any CPU
		{81F917F3-6BAE-4347-88B1-8D564C31C814}.Release|Any CPU.ActiveCfg = Release|Any CPU
		{81F917F3-6BAE-4347-88B1-8D564C31C814}.Release|Any CPU.Build.0 = Release|Any CPU
		{6BE8AF20-C06A-408E-9335-C984C099D594}.Debug|Any CPU.ActiveCfg = Debug|Any CPU
		{6BE8AF20-C06A-408E-9335-C984C099D594}.Debug|Any CPU.Build.0 = Debug|Any CPU
		{6BE8AF20-C06A-408E-9335-C984C099D594}.Release|Any CPU.ActiveCfg = Release|Any CPU
		{6BE8AF20-C06A-408E-9335-C984C099D594}.Release|Any CPU.Build.0 = Release|Any CPU
		{97746C92-BA97-4C24-A87B-291AE2FFCFC6}.Debug|Any CPU.ActiveCfg = Debug|Any CPU
		{97746C92-BA97-4C24-A87B-291AE2FFCFC6}.Debug|Any CPU.Build.0 = Debug|Any CPU
		{97746C92-BA97-4C24-A87B-291AE2FFCFC6}.Release|Any CPU.ActiveCfg = Release|Any CPU
		{97746C92-BA97-4C24-A87B-291AE2FFCFC6}.Release|Any CPU.Build.0 = Release|Any CPU
		{5D6D3AD3-14B9-4EC4-9E80-9BBBCDEE7AC5}.Debug|Any CPU.ActiveCfg = Debug|Any CPU
		{5D6D3AD3-14B9-4EC4-9E80-9BBBCDEE7AC5}.Debug|Any CPU.Build.0 = Debug|Any CPU
		{5D6D3AD3-14B9-4EC4-9E80-9BBBCDEE7AC5}.Release|Any CPU.ActiveCfg = Release|Any CPU
		{5D6D3AD3-14B9-4EC4-9E80-9BBBCDEE7AC5}.Release|Any CPU.Build.0 = Release|Any CPU
		{2F554F4B-D63E-4A5A-A4FA-7FAD52BC1AD1}.Debug|Any CPU.ActiveCfg = Debug|Any CPU
		{2F554F4B-D63E-4A5A-A4FA-7FAD52BC1AD1}.Debug|Any CPU.Build.0 = Debug|Any CPU
		{2F554F4B-D63E-4A5A-A4FA-7FAD52BC1AD1}.Release|Any CPU.ActiveCfg = Release|Any CPU
		{2F554F4B-D63E-4A5A-A4FA-7FAD52BC1AD1}.Release|Any CPU.Build.0 = Release|Any CPU
		{CA32A059-7D6B-48A6-9973-9DBD7AA55592}.Debug|Any CPU.ActiveCfg = Debug|Any CPU
		{CA32A059-7D6B-48A6-9973-9DBD7AA55592}.Debug|Any CPU.Build.0 = Debug|Any CPU
		{CA32A059-7D6B-48A6-9973-9DBD7AA55592}.Release|Any CPU.ActiveCfg = Release|Any CPU
		{CA32A059-7D6B-48A6-9973-9DBD7AA55592}.Release|Any CPU.Build.0 = Release|Any CPU
		{75D48CA5-343F-4D45-AE85-0A6838B9A171}.Debug|Any CPU.ActiveCfg = Debug|Any CPU
		{75D48CA5-343F-4D45-AE85-0A6838B9A171}.Debug|Any CPU.Build.0 = Debug|Any CPU
		{75D48CA5-343F-4D45-AE85-0A6838B9A171}.Release|Any CPU.ActiveCfg = Release|Any CPU
		{75D48CA5-343F-4D45-AE85-0A6838B9A171}.Release|Any CPU.Build.0 = Release|Any CPU
		{2FC1CE79-19D2-46D8-86F8-A466FBFCFAD5}.Debug|Any CPU.ActiveCfg = Debug|Any CPU
		{2FC1CE79-19D2-46D8-86F8-A466FBFCFAD5}.Debug|Any CPU.Build.0 = Debug|Any CPU
		{2FC1CE79-19D2-46D8-86F8-A466FBFCFAD5}.Release|Any CPU.ActiveCfg = Release|Any CPU
		{2FC1CE79-19D2-46D8-86F8-A466FBFCFAD5}.Release|Any CPU.Build.0 = Release|Any CPU
		{42F4C583-599E-443C-973E-0DD184BF6196}.Debug|Any CPU.ActiveCfg = Debug|Any CPU
		{42F4C583-599E-443C-973E-0DD184BF6196}.Debug|Any CPU.Build.0 = Debug|Any CPU
		{42F4C583-599E-443C-973E-0DD184BF6196}.Release|Any CPU.ActiveCfg = Release|Any CPU
		{42F4C583-599E-443C-973E-0DD184BF6196}.Release|Any CPU.Build.0 = Release|Any CPU
		{7AB34CE0-600A-45FE-B363-C2E5E9CF0434}.Debug|Any CPU.ActiveCfg = Debug|Any CPU
		{7AB34CE0-600A-45FE-B363-C2E5E9CF0434}.Debug|Any CPU.Build.0 = Debug|Any CPU
		{7AB34CE0-600A-45FE-B363-C2E5E9CF0434}.Release|Any CPU.ActiveCfg = Release|Any CPU
		{7AB34CE0-600A-45FE-B363-C2E5E9CF0434}.Release|Any CPU.Build.0 = Release|Any CPU
		{31059A4C-5A50-42AB-8FDD-65E78CCC1576}.Debug|Any CPU.ActiveCfg = Debug|Any CPU
		{31059A4C-5A50-42AB-8FDD-65E78CCC1576}.Debug|Any CPU.Build.0 = Debug|Any CPU
		{31059A4C-5A50-42AB-8FDD-65E78CCC1576}.Release|Any CPU.ActiveCfg = Debug|Any CPU
		{31059A4C-5A50-42AB-8FDD-65E78CCC1576}.Release|Any CPU.Build.0 = Debug|Any CPU
		{93B1B369-CC3F-4588-99E8-1B2ACC31ACBB}.Debug|Any CPU.ActiveCfg = Debug|Any CPU
		{93B1B369-CC3F-4588-99E8-1B2ACC31ACBB}.Debug|Any CPU.Build.0 = Debug|Any CPU
		{93B1B369-CC3F-4588-99E8-1B2ACC31ACBB}.Release|Any CPU.ActiveCfg = Release|Any CPU
		{93B1B369-CC3F-4588-99E8-1B2ACC31ACBB}.Release|Any CPU.Build.0 = Release|Any CPU
		{9909C0E9-4831-4F43-A9C3-048C37CB8662}.Debug|Any CPU.ActiveCfg = Debug|Any CPU
		{9909C0E9-4831-4F43-A9C3-048C37CB8662}.Debug|Any CPU.Build.0 = Debug|Any CPU
		{9909C0E9-4831-4F43-A9C3-048C37CB8662}.Release|Any CPU.ActiveCfg = Release|Any CPU
		{9909C0E9-4831-4F43-A9C3-048C37CB8662}.Release|Any CPU.Build.0 = Release|Any CPU
		{B2117E37-6A62-4F24-AEF6-F48766BE88AE}.Debug|Any CPU.ActiveCfg = Debug|Any CPU
		{B2117E37-6A62-4F24-AEF6-F48766BE88AE}.Debug|Any CPU.Build.0 = Debug|Any CPU
		{B2117E37-6A62-4F24-AEF6-F48766BE88AE}.Release|Any CPU.ActiveCfg = Release|Any CPU
		{B2117E37-6A62-4F24-AEF6-F48766BE88AE}.Release|Any CPU.Build.0 = Release|Any CPU
	EndGlobalSection
	GlobalSection(SolutionProperties) = preSolution
		HideSolutionNode = FALSE
	EndGlobalSection
	GlobalSection(ExtensibilityGlobals) = postSolution
		SolutionGuid = {E353356D-BDBD-48D2-B406-EDAD7C6E9136}
	EndGlobalSection
EndGlobal
