
Microsoft Visual Studio Solution File, Format Version 12.00
# Visual Studio 15
VisualStudioVersion = 15.0.27130.2010
MinimumVisualStudioVersion = 10.0.40219.1
Project("{9A19103F-16F7-4668-BE54-9A1E7A4F7556}") = "Infrastructure", "Infrastructure\Infrastructure.csproj", "{3F3D7247-9BEB-4771-9C76-FD8E604227A3}"
EndProject
Project("{9A19103F-16F7-4668-BE54-9A1E7A4F7556}") = "Articles.WriteSide.Aggregates", "Articles.WriteSide.Aggregates\Articles.WriteSide.Aggregates.csproj", "{A8050D0D-FF33-4F91-8D62-8C6A2543AB52}"
EndProject
Project("{9A19103F-16F7-4668-BE54-9A1E7A4F7556}") = "Articles.WriteSide.Events", "Articles.WriteSide.Events\Articles.WriteSide.Events.csproj", "{D65FC1E2-F2EE-4EA7-8895-9297A2A28C92}"
EndProject
Project("{9A19103F-16F7-4668-BE54-9A1E7A4F7556}") = "Articles.WriteSide.Commands", "Articles.WriteSide.Commands\Articles.WriteSide.Commands.csproj", "{F2B8DB71-7915-4D70-B959-AA9B8E4B64B9}"
EndProject
Project("{9A19103F-16F7-4668-BE54-9A1E7A4F7556}") = "Articles.WriteSide.Repository", "Articles.WriteSide.Repository\Articles.WriteSide.Repository.csproj", "{7F3FD53D-96E4-4065-9985-E39BD1DAA7DD}"
EndProject
Project("{9A19103F-16F7-4668-BE54-9A1E7A4F7556}") = "Articles.WriteSide.Service", "Articles.WriteSide.Service\Articles.WriteSide.Service.csproj", "{02BCDB3A-F3B3-495E-998C-247DC58E8E5B}"
EndProject
Project("{9A19103F-16F7-4668-BE54-9A1E7A4F7556}") = "Store.WriteSide.Aggregates", "Store.WriteSide.Aggregates\Store.WriteSide.Aggregates.csproj", "{81F917F3-6BAE-4347-88B1-8D564C31C814}"
EndProject
Project("{9A19103F-16F7-4668-BE54-9A1E7A4F7556}") = "Store.WriteSide.Commands", "Store.WriteSide.Commands\Store.WriteSide.Commands.csproj", "{6BE8AF20-C06A-408E-9335-C984C099D594}"
EndProject
Project("{9A19103F-16F7-4668-BE54-9A1E7A4F7556}") = "Store.WriteSide.Events", "Store.WriteSide.Events\Store.WriteSide.Events.csproj", "{97746C92-BA97-4C24-A87B-291AE2FFCFC6}"
EndProject
Project("{9A19103F-16F7-4668-BE54-9A1E7A4F7556}") = "Store.WriteSide.Repository", "Store.WriteSide.Repository\Store.WriteSide.Repository.csproj", "{5D6D3AD3-14B9-4EC4-9E80-9BBBCDEE7AC5}"
EndProject
Project("{9A19103F-16F7-4668-BE54-9A1E7A4F7556}") = "Store.WriteSide.Service", "Store.WriteSide.Service\Store.WriteSide.Service.csproj", "{2F554F4B-D63E-4A5A-A4FA-7FAD52BC1AD1}"
EndProject
Project("{9A19103F-16F7-4668-BE54-9A1E7A4F7556}") = "Utils", "Utils\Utils.csproj", "{7FD10624-3590-43B3-90C7-FF04DF30B7F7}"
EndProject
Project("{9A19103F-16F7-4668-BE54-9A1E7A4F7556}") = "Web", "Web\Web.csproj", "{CA32A059-7D6B-48A6-9973-9DBD7AA55592}"
EndProject
Project("{9A19103F-16F7-4668-BE54-9A1E7A4F7556}") = "Articles.ReadSide.Repository", "Articles.ReadSide.Repository\Articles.ReadSide.Repository.csproj", "{75D48CA5-343F-4D45-AE85-0A6838B9A171}"
EndProject
Project("{9A19103F-16F7-4668-BE54-9A1E7A4F7556}") = "Articles.ReadSide.Service", "Articles.ReadSide.Service\Articles.ReadSide.Service.csproj", "{0D91116E-D958-4E04-9010-326A50F422B9}"
EndProject
Project("{9A19103F-16F7-4668-BE54-9A1E7A4F7556}") = "Articles.Saga.Events", "Articles.Saga.Events\Articles.Saga.Events.csproj", "{2FC1CE79-19D2-46D8-86F8-A466FBFCFAD5}"
EndProject
Project("{9A19103F-16F7-4668-BE54-9A1E7A4F7556}") = "Articles.Saga.Service", "Articles.Saga.Service\Articles.Saga.Service.csproj", "{42F4C583-599E-443C-973E-0DD184BF6196}"
EndProject
Project("{FAE04EC0-301F-11D3-BF4B-00C04F79EFBC}") = "Client.ReactJS", "Client.ReactJS\Client.ReactJS.csproj", "{0229F276-A4DB-483B-9220-BF3210B25222}"
EndProject
Global
	GlobalSection(SolutionConfigurationPlatforms) = preSolution
		Debug|Any CPU = Debug|Any CPU
		Release|Any CPU = Release|Any CPU
	EndGlobalSection
	GlobalSection(ProjectConfigurationPlatforms) = postSolution
		{3F3D7247-9BEB-4771-9C76-FD8E604227A3}.Debug|Any CPU.ActiveCfg = Debug|Any CPU
		{3F3D7247-9BEB-4771-9C76-FD8E604227A3}.Debug|Any CPU.Build.0 = Debug|Any CPU
		{3F3D7247-9BEB-4771-9C76-FD8E604227A3}.Release|Any CPU.ActiveCfg = Release|Any CPU
		{3F3D7247-9BEB-4771-9C76-FD8E604227A3}.Release|Any CPU.Build.0 = Release|Any CPU
		{A8050D0D-FF33-4F91-8D62-8C6A2543AB52}.Debug|Any CPU.ActiveCfg = Debug|Any CPU
		{A8050D0D-FF33-4F91-8D62-8C6A2543AB52}.Debug|Any CPU.Build.0 = Debug|Any CPU
		{A8050D0D-FF33-4F91-8D62-8C6A2543AB52}.Release|Any CPU.ActiveCfg = Release|Any CPU
		{A8050D0D-FF33-4F91-8D62-8C6A2543AB52}.Release|Any CPU.Build.0 = Release|Any CPU
		{D65FC1E2-F2EE-4EA7-8895-9297A2A28C92}.Debug|Any CPU.ActiveCfg = Debug|Any CPU
		{D65FC1E2-F2EE-4EA7-8895-9297A2A28C92}.Debug|Any CPU.Build.0 = Debug|Any CPU
		{D65FC1E2-F2EE-4EA7-8895-9297A2A28C92}.Release|Any CPU.ActiveCfg = Release|Any CPU
		{D65FC1E2-F2EE-4EA7-8895-9297A2A28C92}.Release|Any CPU.Build.0 = Release|Any CPU
		{F2B8DB71-7915-4D70-B959-AA9B8E4B64B9}.Debug|Any CPU.ActiveCfg = Debug|Any CPU
		{F2B8DB71-7915-4D70-B959-AA9B8E4B64B9}.Debug|Any CPU.Build.0 = Debug|Any CPU
		{F2B8DB71-7915-4D70-B959-AA9B8E4B64B9}.Release|Any CPU.ActiveCfg = Release|Any CPU
		{F2B8DB71-7915-4D70-B959-AA9B8E4B64B9}.Release|Any CPU.Build.0 = Release|Any CPU
		{7F3FD53D-96E4-4065-9985-E39BD1DAA7DD}.Debug|Any CPU.ActiveCfg = Debug|Any CPU
		{7F3FD53D-96E4-4065-9985-E39BD1DAA7DD}.Debug|Any CPU.Build.0 = Debug|Any CPU
		{7F3FD53D-96E4-4065-9985-E39BD1DAA7DD}.Release|Any CPU.ActiveCfg = Release|Any CPU
		{7F3FD53D-96E4-4065-9985-E39BD1DAA7DD}.Release|Any CPU.Build.0 = Release|Any CPU
		{02BCDB3A-F3B3-495E-998C-247DC58E8E5B}.Debug|Any CPU.ActiveCfg = Debug|Any CPU
		{02BCDB3A-F3B3-495E-998C-247DC58E8E5B}.Debug|Any CPU.Build.0 = Debug|Any CPU
		{02BCDB3A-F3B3-495E-998C-247DC58E8E5B}.Release|Any CPU.ActiveCfg = Release|Any CPU
		{02BCDB3A-F3B3-495E-998C-247DC58E8E5B}.Release|Any CPU.Build.0 = Release|Any CPU
		{81F917F3-6BAE-4347-88B1-8D564C31C814}.Debug|Any CPU.ActiveCfg = Debug|Any CPU
		{81F917F3-6BAE-4347-88B1-8D564C31C814}.Debug|Any CPU.Build.0 = Debug|Any CPU
		{81F917F3-6BAE-4347-88B1-8D564C31C814}.Release|Any CPU.ActiveCfg = Release|Any CPU
		{81F917F3-6BAE-4347-88B1-8D564C31C814}.Release|Any CPU.Build.0 = Release|Any CPU
		{6BE8AF20-C06A-408E-9335-C984C099D594}.Debug|Any CPU.ActiveCfg = Debug|Any CPU
		{6BE8AF20-C06A-408E-9335-C984C099D594}.Debug|Any CPU.Build.0 = Debug|Any CPU
		{6BE8AF20-C06A-408E-9335-C984C099D594}.Release|Any CPU.ActiveCfg = Release|Any CPU
		{6BE8AF20-C06A-408E-9335-C984C099D594}.Release|Any CPU.Build.0 = Release|Any CPU
		{97746C92-BA97-4C24-A87B-291AE2FFCFC6}.Debug|Any CPU.ActiveCfg = Debug|Any CPU
		{97746C92-BA97-4C24-A87B-291AE2FFCFC6}.Debug|Any CPU.Build.0 = Debug|Any CPU
		{97746C92-BA97-4C24-A87B-291AE2FFCFC6}.Release|Any CPU.ActiveCfg = Release|Any CPU
		{97746C92-BA97-4C24-A87B-291AE2FFCFC6}.Release|Any CPU.Build.0 = Release|Any CPU
		{5D6D3AD3-14B9-4EC4-9E80-9BBBCDEE7AC5}.Debug|Any CPU.ActiveCfg = Debug|Any CPU
		{5D6D3AD3-14B9-4EC4-9E80-9BBBCDEE7AC5}.Debug|Any CPU.Build.0 = Debug|Any CPU
		{5D6D3AD3-14B9-4EC4-9E80-9BBBCDEE7AC5}.Release|Any CPU.ActiveCfg = Release|Any CPU
		{5D6D3AD3-14B9-4EC4-9E80-9BBBCDEE7AC5}.Release|Any CPU.Build.0 = Release|Any CPU
		{2F554F4B-D63E-4A5A-A4FA-7FAD52BC1AD1}.Debug|Any CPU.ActiveCfg = Debug|Any CPU
		{2F554F4B-D63E-4A5A-A4FA-7FAD52BC1AD1}.Debug|Any CPU.Build.0 = Debug|Any CPU
		{2F554F4B-D63E-4A5A-A4FA-7FAD52BC1AD1}.Release|Any CPU.ActiveCfg = Release|Any CPU
		{2F554F4B-D63E-4A5A-A4FA-7FAD52BC1AD1}.Release|Any CPU.Build.0 = Release|Any CPU
		{7FD10624-3590-43B3-90C7-FF04DF30B7F7}.Debug|Any CPU.ActiveCfg = Debug|Any CPU
		{7FD10624-3590-43B3-90C7-FF04DF30B7F7}.Debug|Any CPU.Build.0 = Debug|Any CPU
		{7FD10624-3590-43B3-90C7-FF04DF30B7F7}.Release|Any CPU.ActiveCfg = Release|Any CPU
		{7FD10624-3590-43B3-90C7-FF04DF30B7F7}.Release|Any CPU.Build.0 = Release|Any CPU
		{CA32A059-7D6B-48A6-9973-9DBD7AA55592}.Debug|Any CPU.ActiveCfg = Debug|Any CPU
		{CA32A059-7D6B-48A6-9973-9DBD7AA55592}.Debug|Any CPU.Build.0 = Debug|Any CPU
		{CA32A059-7D6B-48A6-9973-9DBD7AA55592}.Release|Any CPU.ActiveCfg = Release|Any CPU
		{CA32A059-7D6B-48A6-9973-9DBD7AA55592}.Release|Any CPU.Build.0 = Release|Any CPU
		{75D48CA5-343F-4D45-AE85-0A6838B9A171}.Debug|Any CPU.ActiveCfg = Debug|Any CPU
		{75D48CA5-343F-4D45-AE85-0A6838B9A171}.Debug|Any CPU.Build.0 = Debug|Any CPU
		{75D48CA5-343F-4D45-AE85-0A6838B9A171}.Release|Any CPU.ActiveCfg = Release|Any CPU
		{75D48CA5-343F-4D45-AE85-0A6838B9A171}.Release|Any CPU.Build.0 = Release|Any CPU
		{0D91116E-D958-4E04-9010-326A50F422B9}.Debug|Any CPU.ActiveCfg = Debug|Any CPU
		{0D91116E-D958-4E04-9010-326A50F422B9}.Debug|Any CPU.Build.0 = Debug|Any CPU
		{0D91116E-D958-4E04-9010-326A50F422B9}.Release|Any CPU.ActiveCfg = Release|Any CPU
		{0D91116E-D958-4E04-9010-326A50F422B9}.Release|Any CPU.Build.0 = Release|Any CPU
		{2FC1CE79-19D2-46D8-86F8-A466FBFCFAD5}.Debug|Any CPU.ActiveCfg = Debug|Any CPU
		{2FC1CE79-19D2-46D8-86F8-A466FBFCFAD5}.Debug|Any CPU.Build.0 = Debug|Any CPU
		{2FC1CE79-19D2-46D8-86F8-A466FBFCFAD5}.Release|Any CPU.ActiveCfg = Release|Any CPU
		{2FC1CE79-19D2-46D8-86F8-A466FBFCFAD5}.Release|Any CPU.Build.0 = Release|Any CPU
		{42F4C583-599E-443C-973E-0DD184BF6196}.Debug|Any CPU.ActiveCfg = Debug|Any CPU
		{42F4C583-599E-443C-973E-0DD184BF6196}.Debug|Any CPU.Build.0 = Debug|Any CPU
		{42F4C583-599E-443C-973E-0DD184BF6196}.Release|Any CPU.ActiveCfg = Release|Any CPU
		{42F4C583-599E-443C-973E-0DD184BF6196}.Release|Any CPU.Build.0 = Release|Any CPU
		{0229F276-A4DB-483B-9220-BF3210B25222}.Debug|Any CPU.ActiveCfg = Debug|Any CPU
		{0229F276-A4DB-483B-9220-BF3210B25222}.Debug|Any CPU.Build.0 = Debug|Any CPU
		{0229F276-A4DB-483B-9220-BF3210B25222}.Release|Any CPU.ActiveCfg = Release|Any CPU
		{0229F276-A4DB-483B-9220-BF3210B25222}.Release|Any CPU.Build.0 = Release|Any CPU
	EndGlobalSection
	GlobalSection(SolutionProperties) = preSolution
		HideSolutionNode = FALSE
	EndGlobalSection
	GlobalSection(ExtensibilityGlobals) = postSolution
		SolutionGuid = {E353356D-BDBD-48D2-B406-EDAD7C6E9136}
	EndGlobalSection
EndGlobal
